
Microsoft Visual Studio Solution File, Format Version 12.00
# Visual Studio Version 16
VisualStudioVersion = 16.0.30907.101
MinimumVisualStudioVersion = 10.0.40219.1
Project("{FAE04EC0-301F-11D3-BF4B-00C04F79EFBC}") = "ReflectionSample", "ReflectionSample\ReflectionSample.csproj", "{DE65DD7D-9DAE-4102-B29C-03276742EB2B}"
EndProject
Project("{FAE04EC0-301F-11D3-BF4B-00C04F79EFBC}") = "ExecTest", "ExecTest\ExecTest.csproj", "{48CE08C3-C3F7-45C2-B764-5D0CE14B79F6}"
EndProject
Project("{FAE04EC0-301F-11D3-BF4B-00C04F79EFBC}") = "ExternalExeCall", "ExternalExeCall\ExternalExeCall.csproj", "{074D07BF-12F5-4995-B74F-9955F0B14D5E}"
EndProject
Project("{FAE04EC0-301F-11D3-BF4B-00C04F79EFBC}") = "BasicWebServerUrlParser", "BasicWebServer\BasicWebServerUrlParser.csproj", "{B6A28AAE-DA86-41D3-8A15-9B529A3AD71C}"
EndProject
Project("{FAE04EC0-301F-11D3-BF4B-00C04F79EFBC}") = "Question2", "Question2\Question2.csproj", "{FB81235A-63B9-42BC-AF96-274CE857AA16}"
EndProject
Project("{FAE04EC0-301F-11D3-BF4B-00C04F79EFBC}") = "Question4", "Question4\Question4.csproj", "{E1F002B8-C401-40E8-BE2C-5266A83100C9}"
EndProject
Project("{FAE04EC0-301F-11D3-BF4B-00C04F79EFBC}") = "Question5", "Question5\Question5.csproj", "{C0ADCF92-47D0-4635-B1A1-CC3A4FCDCF6A}"
EndProject
Project("{FAE04EC0-301F-11D3-BF4B-00C04F79EFBC}") = "Question5Method", "Question5Method\Question5Method.csproj", "{2958D292-3346-4198-B568-DA53E19F2C45}"
EndProject
Project("{FAE04EC0-301F-11D3-BF4B-00C04F79EFBC}") = "Question6", "Question6\Question6.csproj", "{0C57B209-1D6D-43D4-8CFF-7C76E995EA80}"
EndProject
Global
	GlobalSection(SolutionConfigurationPlatforms) = preSolution
		Debug|Any CPU = Debug|Any CPU
		Release|Any CPU = Release|Any CPU
	EndGlobalSection
	GlobalSection(ProjectConfigurationPlatforms) = postSolution
		{DE65DD7D-9DAE-4102-B29C-03276742EB2B}.Debug|Any CPU.ActiveCfg = Debug|Any CPU
		{DE65DD7D-9DAE-4102-B29C-03276742EB2B}.Debug|Any CPU.Build.0 = Debug|Any CPU
		{DE65DD7D-9DAE-4102-B29C-03276742EB2B}.Release|Any CPU.ActiveCfg = Release|Any CPU
		{DE65DD7D-9DAE-4102-B29C-03276742EB2B}.Release|Any CPU.Build.0 = Release|Any CPU
		{48CE08C3-C3F7-45C2-B764-5D0CE14B79F6}.Debug|Any CPU.ActiveCfg = Debug|Any CPU
		{48CE08C3-C3F7-45C2-B764-5D0CE14B79F6}.Debug|Any CPU.Build.0 = Debug|Any CPU
		{48CE08C3-C3F7-45C2-B764-5D0CE14B79F6}.Release|Any CPU.ActiveCfg = Release|Any CPU
		{48CE08C3-C3F7-45C2-B764-5D0CE14B79F6}.Release|Any CPU.Build.0 = Release|Any CPU
		{074D07BF-12F5-4995-B74F-9955F0B14D5E}.Debug|Any CPU.ActiveCfg = Debug|Any CPU
		{074D07BF-12F5-4995-B74F-9955F0B14D5E}.Debug|Any CPU.Build.0 = Debug|Any CPU
		{074D07BF-12F5-4995-B74F-9955F0B14D5E}.Release|Any CPU.ActiveCfg = Release|Any CPU
		{074D07BF-12F5-4995-B74F-9955F0B14D5E}.Release|Any CPU.Build.0 = Release|Any CPU
		{B6A28AAE-DA86-41D3-8A15-9B529A3AD71C}.Debug|Any CPU.ActiveCfg = Debug|Any CPU
		{B6A28AAE-DA86-41D3-8A15-9B529A3AD71C}.Debug|Any CPU.Build.0 = Debug|Any CPU
		{B6A28AAE-DA86-41D3-8A15-9B529A3AD71C}.Release|Any CPU.ActiveCfg = Release|Any CPU
		{B6A28AAE-DA86-41D3-8A15-9B529A3AD71C}.Release|Any CPU.Build.0 = Release|Any CPU
		{FB81235A-63B9-42BC-AF96-274CE857AA16}.Debug|Any CPU.ActiveCfg = Debug|Any CPU
		{FB81235A-63B9-42BC-AF96-274CE857AA16}.Debug|Any CPU.Build.0 = Debug|Any CPU
		{FB81235A-63B9-42BC-AF96-274CE857AA16}.Release|Any CPU.ActiveCfg = Release|Any CPU
		{FB81235A-63B9-42BC-AF96-274CE857AA16}.Release|Any CPU.Build.0 = Release|Any CPU
		{E1F002B8-C401-40E8-BE2C-5266A83100C9}.Debug|Any CPU.ActiveCfg = Debug|Any CPU
		{E1F002B8-C401-40E8-BE2C-5266A83100C9}.Debug|Any CPU.Build.0 = Debug|Any CPU
		{E1F002B8-C401-40E8-BE2C-5266A83100C9}.Release|Any CPU.ActiveCfg = Release|Any CPU
		{E1F002B8-C401-40E8-BE2C-5266A83100C9}.Release|Any CPU.Build.0 = Release|Any CPU
		{C0ADCF92-47D0-4635-B1A1-CC3A4FCDCF6A}.Debug|Any CPU.ActiveCfg = Debug|Any CPU
		{C0ADCF92-47D0-4635-B1A1-CC3A4FCDCF6A}.Debug|Any CPU.Build.0 = Debug|Any CPU
		{C0ADCF92-47D0-4635-B1A1-CC3A4FCDCF6A}.Release|Any CPU.ActiveCfg = Release|Any CPU
		{C0ADCF92-47D0-4635-B1A1-CC3A4FCDCF6A}.Release|Any CPU.Build.0 = Release|Any CPU
		{2958D292-3346-4198-B568-DA53E19F2C45}.Debug|Any CPU.ActiveCfg = Debug|Any CPU
		{2958D292-3346-4198-B568-DA53E19F2C45}.Debug|Any CPU.Build.0 = Debug|Any CPU
		{2958D292-3346-4198-B568-DA53E19F2C45}.Release|Any CPU.ActiveCfg = Release|Any CPU
		{2958D292-3346-4198-B568-DA53E19F2C45}.Release|Any CPU.Build.0 = Release|Any CPU
		{0C57B209-1D6D-43D4-8CFF-7C76E995EA80}.Debug|Any CPU.ActiveCfg = Debug|Any CPU
		{0C57B209-1D6D-43D4-8CFF-7C76E995EA80}.Debug|Any CPU.Build.0 = Debug|Any CPU
		{0C57B209-1D6D-43D4-8CFF-7C76E995EA80}.Release|Any CPU.ActiveCfg = Release|Any CPU
		{0C57B209-1D6D-43D4-8CFF-7C76E995EA80}.Release|Any CPU.Build.0 = Release|Any CPU
	EndGlobalSection
	GlobalSection(SolutionProperties) = preSolution
		HideSolutionNode = FALSE
	EndGlobalSection
	GlobalSection(ExtensibilityGlobals) = postSolution
		SolutionGuid = {EB2F176A-128D-4176-B75A-A077013CA20D}
	EndGlobalSection
EndGlobal
