
Microsoft Visual Studio Solution File, Format Version 12.00
# Visual Studio Version 16
VisualStudioVersion = 16.0.30907.101
MinimumVisualStudioVersion = 10.0.40219.1
Project("{FAE04EC0-301F-11D3-BF4B-00C04F79EFBC}") = "Intro", "Intro\Intro.csproj", "{929A8286-EEFA-4C4C-9E1F-117B9DE20515}"
EndProject
Project("{FAE04EC0-301F-11D3-BF4B-00C04F79EFBC}") = "MathsLibrary", "MathsLibrary\MathsLibrary.csproj", "{3332557F-3902-44FC-A150-3028A4D2B273}"
EndProject
Project("{FAE04EC0-301F-11D3-BF4B-00C04F79EFBC}") = "MathsLibraryClient", "MathsLibraryClient\MathsLibraryClient.csproj", "{F7B5F45E-DBAB-4417-B0C7-82E15B4B5B8D}"
EndProject
Global
	GlobalSection(SolutionConfigurationPlatforms) = preSolution
		Debug|Any CPU = Debug|Any CPU
		Release|Any CPU = Release|Any CPU
	EndGlobalSection
	GlobalSection(ProjectConfigurationPlatforms) = postSolution
		{929A8286-EEFA-4C4C-9E1F-117B9DE20515}.Debug|Any CPU.ActiveCfg = Debug|Any CPU
		{929A8286-EEFA-4C4C-9E1F-117B9DE20515}.Debug|Any CPU.Build.0 = Debug|Any CPU
		{929A8286-EEFA-4C4C-9E1F-117B9DE20515}.Release|Any CPU.ActiveCfg = Release|Any CPU
		{929A8286-EEFA-4C4C-9E1F-117B9DE20515}.Release|Any CPU.Build.0 = Release|Any CPU
		{3332557F-3902-44FC-A150-3028A4D2B273}.Debug|Any CPU.ActiveCfg = Debug|Any CPU
		{3332557F-3902-44FC-A150-3028A4D2B273}.Debug|Any CPU.Build.0 = Debug|Any CPU
		{3332557F-3902-44FC-A150-3028A4D2B273}.Release|Any CPU.ActiveCfg = Release|Any CPU
		{3332557F-3902-44FC-A150-3028A4D2B273}.Release|Any CPU.Build.0 = Release|Any CPU
		{F7B5F45E-DBAB-4417-B0C7-82E15B4B5B8D}.Debug|Any CPU.ActiveCfg = Debug|Any CPU
		{F7B5F45E-DBAB-4417-B0C7-82E15B4B5B8D}.Debug|Any CPU.Build.0 = Debug|Any CPU
		{F7B5F45E-DBAB-4417-B0C7-82E15B4B5B8D}.Release|Any CPU.ActiveCfg = Release|Any CPU
		{F7B5F45E-DBAB-4417-B0C7-82E15B4B5B8D}.Release|Any CPU.Build.0 = Release|Any CPU
	EndGlobalSection
	GlobalSection(SolutionProperties) = preSolution
		HideSolutionNode = FALSE
	EndGlobalSection
	GlobalSection(ExtensibilityGlobals) = postSolution
		SolutionGuid = {D04B9875-125A-46E1-9090-A72A7DCC7C2B}
	EndGlobalSection
EndGlobal
