
Microsoft Visual Studio Solution File, Format Version 12.00
# Visual Studio Version 16
VisualStudioVersion = 16.0.30907.101
MinimumVisualStudioVersion = 10.0.40219.1
Project("{9A19103F-16F7-4668-BE54-9A1E7A4F7556}") = "Question1", "Question1\Question1.csproj", "{2244B7D8-AB82-4732-B42E-CE2FB8EF3C6B}"
EndProject
Project("{9A19103F-16F7-4668-BE54-9A1E7A4F7556}") = "Question2", "Question2\Question2.csproj", "{464E0C93-99A5-46A1-B418-C469B6D60756}"
EndProject
Project("{9A19103F-16F7-4668-BE54-9A1E7A4F7556}") = "Question3", "Question3\Question3.csproj", "{2DBABD31-7265-4B68-A37E-1F6C826CD3A1}"
EndProject
Global
	GlobalSection(SolutionConfigurationPlatforms) = preSolution
		Debug|Any CPU = Debug|Any CPU
		Release|Any CPU = Release|Any CPU
	EndGlobalSection
	GlobalSection(ProjectConfigurationPlatforms) = postSolution
		{2244B7D8-AB82-4732-B42E-CE2FB8EF3C6B}.Debug|Any CPU.ActiveCfg = Debug|Any CPU
		{2244B7D8-AB82-4732-B42E-CE2FB8EF3C6B}.Debug|Any CPU.Build.0 = Debug|Any CPU
		{2244B7D8-AB82-4732-B42E-CE2FB8EF3C6B}.Release|Any CPU.ActiveCfg = Release|Any CPU
		{2244B7D8-AB82-4732-B42E-CE2FB8EF3C6B}.Release|Any CPU.Build.0 = Release|Any CPU
		{464E0C93-99A5-46A1-B418-C469B6D60756}.Debug|Any CPU.ActiveCfg = Debug|Any CPU
		{464E0C93-99A5-46A1-B418-C469B6D60756}.Debug|Any CPU.Build.0 = Debug|Any CPU
		{464E0C93-99A5-46A1-B418-C469B6D60756}.Release|Any CPU.ActiveCfg = Release|Any CPU
		{464E0C93-99A5-46A1-B418-C469B6D60756}.Release|Any CPU.Build.0 = Release|Any CPU
		{2DBABD31-7265-4B68-A37E-1F6C826CD3A1}.Debug|Any CPU.ActiveCfg = Debug|Any CPU
		{2DBABD31-7265-4B68-A37E-1F6C826CD3A1}.Debug|Any CPU.Build.0 = Debug|Any CPU
		{2DBABD31-7265-4B68-A37E-1F6C826CD3A1}.Release|Any CPU.ActiveCfg = Release|Any CPU
		{2DBABD31-7265-4B68-A37E-1F6C826CD3A1}.Release|Any CPU.Build.0 = Release|Any CPU
	EndGlobalSection
	GlobalSection(SolutionProperties) = preSolution
		HideSolutionNode = FALSE
	EndGlobalSection
	GlobalSection(ExtensibilityGlobals) = postSolution
		SolutionGuid = {EB2F176A-128D-4176-B75A-A077013CA20D}
	EndGlobalSection
EndGlobal
