
Microsoft Visual Studio Solution File, Format Version 12.00
# Visual Studio Version 16
VisualStudioVersion = 16.0.30907.101
MinimumVisualStudioVersion = 10.0.40219.1
Project("{FAE04EC0-301F-11D3-BF4B-00C04F79EFBC}") = "ExerciceProject", "ExerciceProject\ExerciceProject.csproj", "{ABFACF86-CEE1-4D9D-9D79-803C7086FDF0}"
EndProject
Global
	GlobalSection(SolutionConfigurationPlatforms) = preSolution
		Debug|Any CPU = Debug|Any CPU
		Release|Any CPU = Release|Any CPU
	EndGlobalSection
	GlobalSection(ProjectConfigurationPlatforms) = postSolution
		{ABFACF86-CEE1-4D9D-9D79-803C7086FDF0}.Debug|Any CPU.ActiveCfg = Debug|Any CPU
		{ABFACF86-CEE1-4D9D-9D79-803C7086FDF0}.Debug|Any CPU.Build.0 = Debug|Any CPU
		{ABFACF86-CEE1-4D9D-9D79-803C7086FDF0}.Release|Any CPU.ActiveCfg = Release|Any CPU
		{ABFACF86-CEE1-4D9D-9D79-803C7086FDF0}.Release|Any CPU.Build.0 = Release|Any CPU
	EndGlobalSection
	GlobalSection(SolutionProperties) = preSolution
		HideSolutionNode = FALSE
	EndGlobalSection
	GlobalSection(ExtensibilityGlobals) = postSolution
		SolutionGuid = {EB2F176A-128D-4176-B75A-A077013CA20D}
	EndGlobalSection
EndGlobal
